// !$*UTF8*$!
{
	archiveVersion = 1;
	classes = {
	};
	objectVersion = 56;
	objects = {

/* Begin PBXBuildFile section */
		8F3CA0192BA52DB300405817 /* AIDoctorApp.swift in Sources */ = {isa = PBXBuildFile; fileRef = 8F3CA0182BA52DB300405817 /* AIDoctorApp.swift */; };
		8F3CA01D2BA52DB500405817 /* Assets.xcassets in Resources */ = {isa = PBXBuildFile; fileRef = 8F3CA01C2BA52DB500405817 /* Assets.xcassets */; };
		8F3CA0212BA52DB500405817 /* Preview Assets.xcassets in Resources */ = {isa = PBXBuildFile; fileRef = 8F3CA0202BA52DB500405817 /* Preview Assets.xcassets */; };
		8F3CA0322BA52E4100405817 /* OnboardingProvider.swift in Sources */ = {isa = PBXBuildFile; fileRef = 8F3CA0312BA52E4100405817 /* OnboardingProvider.swift */; };
		8F3CA0352BA52E7100405817 /* Profile.swift in Sources */ = {isa = PBXBuildFile; fileRef = 8F3CA0342BA52E7100405817 /* Profile.swift */; };
		8F3CA0372BA52E9700405817 /* Questionary.swift in Sources */ = {isa = PBXBuildFile; fileRef = 8F3CA0362BA52E9700405817 /* Questionary.swift */; };
		8F3CA0392BA52FF800405817 /* DoctorProvider.swift in Sources */ = {isa = PBXBuildFile; fileRef = 8F3CA0382BA52FF800405817 /* DoctorProvider.swift */; };
		8F3CA03D2BA5309000405817 /* PromptsProvider.swift in Sources */ = {isa = PBXBuildFile; fileRef = 8F3CA03C2BA5309000405817 /* PromptsProvider.swift */; };
		8F3CA03F2BA5355C00405817 /* OnboardingView.swift in Sources */ = {isa = PBXBuildFile; fileRef = 8F3CA03E2BA5355C00405817 /* OnboardingView.swift */; };
		8F3CA0412BA5356400405817 /* OnboardingPresenter.swift in Sources */ = {isa = PBXBuildFile; fileRef = 8F3CA0402BA5356400405817 /* OnboardingPresenter.swift */; };
		8F3CA0432BA5356C00405817 /* HomeView.swift in Sources */ = {isa = PBXBuildFile; fileRef = 8F3CA0422BA5356C00405817 /* HomeView.swift */; };
		8F3CA0452BA5357400405817 /* HomePresenter.swift in Sources */ = {isa = PBXBuildFile; fileRef = 8F3CA0442BA5357400405817 /* HomePresenter.swift */; };
		8F3CA0472BA53F1600405817 /* QuesionaryView.swift in Sources */ = {isa = PBXBuildFile; fileRef = 8F3CA0462BA53F1600405817 /* QuesionaryView.swift */; };
		8F3CA0492BA53F1F00405817 /* QuestionaryPresenter.swift in Sources */ = {isa = PBXBuildFile; fileRef = 8F3CA0482BA53F1F00405817 /* QuestionaryPresenter.swift */; };
		8F3CA04B2BA5439B00405817 /* ProfileView.swift in Sources */ = {isa = PBXBuildFile; fileRef = 8F3CA04A2BA5439B00405817 /* ProfileView.swift */; };
		8F3CA04E2BA58FF800405817 /* OpenAI in Frameworks */ = {isa = PBXBuildFile; productRef = 8F3CA04D2BA58FF800405817 /* OpenAI */; };
		8F3CA0522BA5E68600405817 /* FormItem.swift in Sources */ = {isa = PBXBuildFile; fileRef = 8F3CA0512BA5E68600405817 /* FormItem.swift */; };
/* End PBXBuildFile section */

/* Begin PBXCopyFilesBuildPhase section */
		8F0D6C6A2BA60044006D5A77 /* Embed Frameworks */ = {
			isa = PBXCopyFilesBuildPhase;
			buildActionMask = 2147483647;
			dstPath = "";
			dstSubfolderSpec = 10;
			files = (
			);
			name = "Embed Frameworks";
			runOnlyForDeploymentPostprocessing = 0;
		};
/* End PBXCopyFilesBuildPhase section */

/* Begin PBXFileReference section */
		8F3CA0152BA52DB300405817 /* AIDoctor.app */ = {isa = PBXFileReference; explicitFileType = wrapper.application; includeInIndex = 0; path = AIDoctor.app; sourceTree = BUILT_PRODUCTS_DIR; };
		8F3CA0182BA52DB300405817 /* AIDoctorApp.swift */ = {isa = PBXFileReference; lastKnownFileType = sourcecode.swift; path = AIDoctorApp.swift; sourceTree = "<group>"; };
		8F3CA01C2BA52DB500405817 /* Assets.xcassets */ = {isa = PBXFileReference; lastKnownFileType = folder.assetcatalog; path = Assets.xcassets; sourceTree = "<group>"; };
		8F3CA01E2BA52DB500405817 /* AIDoctor.entitlements */ = {isa = PBXFileReference; lastKnownFileType = text.plist.entitlements; path = AIDoctor.entitlements; sourceTree = "<group>"; };
		8F3CA0202BA52DB500405817 /* Preview Assets.xcassets */ = {isa = PBXFileReference; lastKnownFileType = folder.assetcatalog; path = "Preview Assets.xcassets"; sourceTree = "<group>"; };
		8F3CA0312BA52E4100405817 /* OnboardingProvider.swift */ = {isa = PBXFileReference; lastKnownFileType = sourcecode.swift; path = OnboardingProvider.swift; sourceTree = "<group>"; };
		8F3CA0342BA52E7100405817 /* Profile.swift */ = {isa = PBXFileReference; lastKnownFileType = sourcecode.swift; path = Profile.swift; sourceTree = "<group>"; };
		8F3CA0362BA52E9700405817 /* Questionary.swift */ = {isa = PBXFileReference; lastKnownFileType = sourcecode.swift; path = Questionary.swift; sourceTree = "<group>"; };
		8F3CA0382BA52FF800405817 /* DoctorProvider.swift */ = {isa = PBXFileReference; lastKnownFileType = sourcecode.swift; path = DoctorProvider.swift; sourceTree = "<group>"; };
		8F3CA03C2BA5309000405817 /* PromptsProvider.swift */ = {isa = PBXFileReference; lastKnownFileType = sourcecode.swift; path = PromptsProvider.swift; sourceTree = "<group>"; };
		8F3CA03E2BA5355C00405817 /* OnboardingView.swift */ = {isa = PBXFileReference; lastKnownFileType = sourcecode.swift; path = OnboardingView.swift; sourceTree = "<group>"; };
		8F3CA0402BA5356400405817 /* OnboardingPresenter.swift */ = {isa = PBXFileReference; lastKnownFileType = sourcecode.swift; path = OnboardingPresenter.swift; sourceTree = "<group>"; };
		8F3CA0422BA5356C00405817 /* HomeView.swift */ = {isa = PBXFileReference; lastKnownFileType = sourcecode.swift; path = HomeView.swift; sourceTree = "<group>"; };
		8F3CA0442BA5357400405817 /* HomePresenter.swift */ = {isa = PBXFileReference; lastKnownFileType = sourcecode.swift; path = HomePresenter.swift; sourceTree = "<group>"; };
		8F3CA0462BA53F1600405817 /* QuesionaryView.swift */ = {isa = PBXFileReference; lastKnownFileType = sourcecode.swift; path = QuesionaryView.swift; sourceTree = "<group>"; };
		8F3CA0482BA53F1F00405817 /* QuestionaryPresenter.swift */ = {isa = PBXFileReference; lastKnownFileType = sourcecode.swift; path = QuestionaryPresenter.swift; sourceTree = "<group>"; };
		8F3CA04A2BA5439B00405817 /* ProfileView.swift */ = {isa = PBXFileReference; lastKnownFileType = sourcecode.swift; path = ProfileView.swift; sourceTree = "<group>"; };
		8F3CA0512BA5E68600405817 /* FormItem.swift */ = {isa = PBXFileReference; lastKnownFileType = sourcecode.swift; path = FormItem.swift; sourceTree = "<group>"; };
/* End PBXFileReference section */

/* Begin PBXFrameworksBuildPhase section */
		8F3CA0122BA52DB300405817 /* Frameworks */ = {
			isa = PBXFrameworksBuildPhase;
			buildActionMask = 2147483647;
			files = (
				8F3CA04E2BA58FF800405817 /* OpenAI in Frameworks */,
			);
			runOnlyForDeploymentPostprocessing = 0;
		};
/* End PBXFrameworksBuildPhase section */

/* Begin PBXGroup section */
		8F3CA00C2BA52DB300405817 = {
			isa = PBXGroup;
			children = (
				8F3CA0172BA52DB300405817 /* AIDoctor */,
				8F3CA0162BA52DB300405817 /* Products */,
			);
			sourceTree = "<group>";
		};
		8F3CA0162BA52DB300405817 /* Products */ = {
			isa = PBXGroup;
			children = (
				8F3CA0152BA52DB300405817 /* AIDoctor.app */,
			);
			name = Products;
			sourceTree = "<group>";
		};
		8F3CA0172BA52DB300405817 /* AIDoctor */ = {
			isa = PBXGroup;
			children = (
				8F3CA04F2BA5E67500405817 /* General */,
				8F3CA0332BA52E6000405817 /* Models */,
				8F3CA0302BA52E3300405817 /* Dependencies */,
				8F3CA02F2BA52E1500405817 /* Main */,
				8F3CA02E2BA52E0A00405817 /* Feature */,
				8F3CA01C2BA52DB500405817 /* Assets.xcassets */,
				8F3CA01E2BA52DB500405817 /* AIDoctor.entitlements */,
				8F3CA01F2BA52DB500405817 /* Preview Content */,
			);
			path = AIDoctor;
			sourceTree = "<group>";
		};
		8F3CA01F2BA52DB500405817 /* Preview Content */ = {
			isa = PBXGroup;
			children = (
				8F3CA0202BA52DB500405817 /* Preview Assets.xcassets */,
			);
			path = "Preview Content";
			sourceTree = "<group>";
		};
		8F3CA0292BA52DD000405817 /* Onboarding */ = {
			isa = PBXGroup;
			children = (
				8F3CA03E2BA5355C00405817 /* OnboardingView.swift */,
				8F3CA0402BA5356400405817 /* OnboardingPresenter.swift */,
			);
			path = Onboarding;
			sourceTree = "<group>";
		};
		8F3CA02A2BA52DD900405817 /* Home */ = {
			isa = PBXGroup;
			children = (
				8F3CA0422BA5356C00405817 /* HomeView.swift */,
				8F3CA0442BA5357400405817 /* HomePresenter.swift */,
			);
			path = Home;
			sourceTree = "<group>";
		};
		8F3CA02B2BA52DE200405817 /* Questionary */ = {
			isa = PBXGroup;
			children = (
				8F3CA0462BA53F1600405817 /* QuesionaryView.swift */,
				8F3CA0482BA53F1F00405817 /* QuestionaryPresenter.swift */,
			);
			path = Questionary;
			sourceTree = "<group>";
		};
		8F3CA02D2BA52DFC00405817 /* Profile */ = {
			isa = PBXGroup;
			children = (
				8F3CA04A2BA5439B00405817 /* ProfileView.swift */,
			);
			path = Profile;
			sourceTree = "<group>";
		};
		8F3CA02E2BA52E0A00405817 /* Feature */ = {
			isa = PBXGroup;
			children = (
				8F3CA02D2BA52DFC00405817 /* Profile */,
				8F3CA02B2BA52DE200405817 /* Questionary */,
				8F3CA02A2BA52DD900405817 /* Home */,
				8F3CA0292BA52DD000405817 /* Onboarding */,
			);
			path = Feature;
			sourceTree = "<group>";
		};
		8F3CA02F2BA52E1500405817 /* Main */ = {
			isa = PBXGroup;
			children = (
				8F3CA0182BA52DB300405817 /* AIDoctorApp.swift */,
			);
			path = Main;
			sourceTree = "<group>";
		};
		8F3CA0302BA52E3300405817 /* Dependencies */ = {
			isa = PBXGroup;
			children = (
				8F3CA0312BA52E4100405817 /* OnboardingProvider.swift */,
				8F3CA0382BA52FF800405817 /* DoctorProvider.swift */,
				8F3CA03C2BA5309000405817 /* PromptsProvider.swift */,
			);
			path = Dependencies;
			sourceTree = "<group>";
		};
		8F3CA0332BA52E6000405817 /* Models */ = {
			isa = PBXGroup;
			children = (
				8F3CA0342BA52E7100405817 /* Profile.swift */,
				8F3CA0362BA52E9700405817 /* Questionary.swift */,
			);
			path = Models;
			sourceTree = "<group>";
		};
		8F3CA04F2BA5E67500405817 /* General */ = {
			isa = PBXGroup;
			children = (
				8F3CA0502BA5E67B00405817 /* ViewModifiers */,
			);
			path = General;
			sourceTree = "<group>";
		};
		8F3CA0502BA5E67B00405817 /* ViewModifiers */ = {
			isa = PBXGroup;
			children = (
				8F3CA0512BA5E68600405817 /* FormItem.swift */,
			);
			path = ViewModifiers;
			sourceTree = "<group>";
		};
/* End PBXGroup section */

/* Begin PBXNativeTarget section */
		8F3CA0142BA52DB300405817 /* AIDoctor */ = {
			isa = PBXNativeTarget;
			buildConfigurationList = 8F3CA0242BA52DB500405817 /* Build configuration list for PBXNativeTarget "AIDoctor" */;
			buildPhases = (
				8F3CA0112BA52DB300405817 /* Sources */,
				8F3CA0122BA52DB300405817 /* Frameworks */,
				8F3CA0132BA52DB300405817 /* Resources */,
				8F0D6C6A2BA60044006D5A77 /* Embed Frameworks */,
			);
			buildRules = (
			);
			dependencies = (
			);
			name = AIDoctor;
			packageProductDependencies = (
				8F3CA04D2BA58FF800405817 /* OpenAI */,
			);
			productName = AIDoctor;
			productReference = 8F3CA0152BA52DB300405817 /* AIDoctor.app */;
			productType = "com.apple.product-type.application";
		};
/* End PBXNativeTarget section */

/* Begin PBXProject section */
		8F3CA00D2BA52DB300405817 /* Project object */ = {
			isa = PBXProject;
			attributes = {
				BuildIndependentTargetsInParallel = 1;
				LastSwiftUpdateCheck = 1530;
				LastUpgradeCheck = 1530;
				TargetAttributes = {
					8F3CA0142BA52DB300405817 = {
						CreatedOnToolsVersion = 15.3;
					};
				};
			};
			buildConfigurationList = 8F3CA0102BA52DB300405817 /* Build configuration list for PBXProject "AIDoctor" */;
			compatibilityVersion = "Xcode 14.0";
			developmentRegion = en;
			hasScannedForEncodings = 0;
			knownRegions = (
				en,
				Base,
			);
			mainGroup = 8F3CA00C2BA52DB300405817;
			packageReferences = (
				8F3CA04C2BA58FF800405817 /* XCRemoteSwiftPackageReference "OpenAI" */,
				8F3CA0532BA5F63300405817 /* XCRemoteSwiftPackageReference "Alamofire" */,
			);
			productRefGroup = 8F3CA0162BA52DB300405817 /* Products */;
			projectDirPath = "";
			projectRoot = "";
			targets = (
				8F3CA0142BA52DB300405817 /* AIDoctor */,
			);
		};
/* End PBXProject section */

/* Begin PBXResourcesBuildPhase section */
		8F3CA0132BA52DB300405817 /* Resources */ = {
			isa = PBXResourcesBuildPhase;
			buildActionMask = 2147483647;
			files = (
				8F3CA0212BA52DB500405817 /* Preview Assets.xcassets in Resources */,
				8F3CA01D2BA52DB500405817 /* Assets.xcassets in Resources */,
			);
			runOnlyForDeploymentPostprocessing = 0;
		};
/* End PBXResourcesBuildPhase section */

/* Begin PBXSourcesBuildPhase section */
		8F3CA0112BA52DB300405817 /* Sources */ = {
			isa = PBXSourcesBuildPhase;
			buildActionMask = 2147483647;
			files = (
				8F3CA0522BA5E68600405817 /* FormItem.swift in Sources */,
				8F3CA0372BA52E9700405817 /* Questionary.swift in Sources */,
				8F3CA0392BA52FF800405817 /* DoctorProvider.swift in Sources */,
				8F3CA0432BA5356C00405817 /* HomeView.swift in Sources */,
				8F3CA0412BA5356400405817 /* OnboardingPresenter.swift in Sources */,
				8F3CA0192BA52DB300405817 /* AIDoctorApp.swift in Sources */,
				8F3CA0492BA53F1F00405817 /* QuestionaryPresenter.swift in Sources */,
				8F3CA0472BA53F1600405817 /* QuesionaryView.swift in Sources */,
				8F3CA03D2BA5309000405817 /* PromptsProvider.swift in Sources */,
				8F3CA03F2BA5355C00405817 /* OnboardingView.swift in Sources */,
				8F3CA0352BA52E7100405817 /* Profile.swift in Sources */,
				8F3CA0322BA52E4100405817 /* OnboardingProvider.swift in Sources */,
				8F3CA04B2BA5439B00405817 /* ProfileView.swift in Sources */,
				8F3CA0452BA5357400405817 /* HomePresenter.swift in Sources */,
			);
			runOnlyForDeploymentPostprocessing = 0;
		};
/* End PBXSourcesBuildPhase section */

/* Begin XCBuildConfiguration section */
		8F3CA0222BA52DB500405817 /* Debug */ = {
			isa = XCBuildConfiguration;
			buildSettings = {
				ALWAYS_SEARCH_USER_PATHS = NO;
				ASSETCATALOG_COMPILER_GENERATE_SWIFT_ASSET_SYMBOL_EXTENSIONS = YES;
				CLANG_ANALYZER_NONNULL = YES;
				CLANG_ANALYZER_NUMBER_OBJECT_CONVERSION = YES_AGGRESSIVE;
				CLANG_CXX_LANGUAGE_STANDARD = "gnu++20";
				CLANG_ENABLE_MODULES = YES;
				CLANG_ENABLE_OBJC_ARC = YES;
				CLANG_ENABLE_OBJC_WEAK = YES;
				CLANG_WARN_BLOCK_CAPTURE_AUTORELEASING = YES;
				CLANG_WARN_BOOL_CONVERSION = YES;
				CLANG_WARN_COMMA = YES;
				CLANG_WARN_CONSTANT_CONVERSION = YES;
				CLANG_WARN_DEPRECATED_OBJC_IMPLEMENTATIONS = YES;
				CLANG_WARN_DIRECT_OBJC_ISA_USAGE = YES_ERROR;
				CLANG_WARN_DOCUMENTATION_COMMENTS = YES;
				CLANG_WARN_EMPTY_BODY = YES;
				CLANG_WARN_ENUM_CONVERSION = YES;
				CLANG_WARN_INFINITE_RECURSION = YES;
				CLANG_WARN_INT_CONVERSION = YES;
				CLANG_WARN_NON_LITERAL_NULL_CONVERSION = YES;
				CLANG_WARN_OBJC_IMPLICIT_RETAIN_SELF = YES;
				CLANG_WARN_OBJC_LITERAL_CONVERSION = YES;
				CLANG_WARN_OBJC_ROOT_CLASS = YES_ERROR;
				CLANG_WARN_QUOTED_INCLUDE_IN_FRAMEWORK_HEADER = YES;
				CLANG_WARN_RANGE_LOOP_ANALYSIS = YES;
				CLANG_WARN_STRICT_PROTOTYPES = YES;
				CLANG_WARN_SUSPICIOUS_MOVE = YES;
				CLANG_WARN_UNGUARDED_AVAILABILITY = YES_AGGRESSIVE;
				CLANG_WARN_UNREACHABLE_CODE = YES;
				CLANG_WARN__DUPLICATE_METHOD_MATCH = YES;
				COPY_PHASE_STRIP = NO;
				DEBUG_INFORMATION_FORMAT = dwarf;
				ENABLE_STRICT_OBJC_MSGSEND = YES;
				ENABLE_TESTABILITY = YES;
				ENABLE_USER_SCRIPT_SANDBOXING = YES;
				GCC_C_LANGUAGE_STANDARD = gnu17;
				GCC_DYNAMIC_NO_PIC = NO;
				GCC_NO_COMMON_BLOCKS = YES;
				GCC_OPTIMIZATION_LEVEL = 0;
				GCC_PREPROCESSOR_DEFINITIONS = (
					"DEBUG=1",
					"$(inherited)",
				);
				GCC_WARN_64_TO_32_BIT_CONVERSION = YES;
				GCC_WARN_ABOUT_RETURN_TYPE = YES_ERROR;
				GCC_WARN_UNDECLARED_SELECTOR = YES;
				GCC_WARN_UNINITIALIZED_AUTOS = YES_AGGRESSIVE;
				GCC_WARN_UNUSED_FUNCTION = YES;
				GCC_WARN_UNUSED_VARIABLE = YES;
				LOCALIZATION_PREFERS_STRING_CATALOGS = YES;
				MTL_ENABLE_DEBUG_INFO = INCLUDE_SOURCE;
				MTL_FAST_MATH = YES;
				ONLY_ACTIVE_ARCH = YES;
				SWIFT_ACTIVE_COMPILATION_CONDITIONS = "DEBUG $(inherited)";
				SWIFT_OPTIMIZATION_LEVEL = "-Onone";
			};
			name = Debug;
		};
		8F3CA0232BA52DB500405817 /* Release */ = {
			isa = XCBuildConfiguration;
			buildSettings = {
				ALWAYS_SEARCH_USER_PATHS = NO;
				ASSETCATALOG_COMPILER_GENERATE_SWIFT_ASSET_SYMBOL_EXTENSIONS = YES;
				CLANG_ANALYZER_NONNULL = YES;
				CLANG_ANALYZER_NUMBER_OBJECT_CONVERSION = YES_AGGRESSIVE;
				CLANG_CXX_LANGUAGE_STANDARD = "gnu++20";
				CLANG_ENABLE_MODULES = YES;
				CLANG_ENABLE_OBJC_ARC = YES;
				CLANG_ENABLE_OBJC_WEAK = YES;
				CLANG_WARN_BLOCK_CAPTURE_AUTORELEASING = YES;
				CLANG_WARN_BOOL_CONVERSION = YES;
				CLANG_WARN_COMMA = YES;
				CLANG_WARN_CONSTANT_CONVERSION = YES;
				CLANG_WARN_DEPRECATED_OBJC_IMPLEMENTATIONS = YES;
				CLANG_WARN_DIRECT_OBJC_ISA_USAGE = YES_ERROR;
				CLANG_WARN_DOCUMENTATION_COMMENTS = YES;
				CLANG_WARN_EMPTY_BODY = YES;
				CLANG_WARN_ENUM_CONVERSION = YES;
				CLANG_WARN_INFINITE_RECURSION = YES;
				CLANG_WARN_INT_CONVERSION = YES;
				CLANG_WARN_NON_LITERAL_NULL_CONVERSION = YES;
				CLANG_WARN_OBJC_IMPLICIT_RETAIN_SELF = YES;
				CLANG_WARN_OBJC_LITERAL_CONVERSION = YES;
				CLANG_WARN_OBJC_ROOT_CLASS = YES_ERROR;
				CLANG_WARN_QUOTED_INCLUDE_IN_FRAMEWORK_HEADER = YES;
				CLANG_WARN_RANGE_LOOP_ANALYSIS = YES;
				CLANG_WARN_STRICT_PROTOTYPES = YES;
				CLANG_WARN_SUSPICIOUS_MOVE = YES;
				CLANG_WARN_UNGUARDED_AVAILABILITY = YES_AGGRESSIVE;
				CLANG_WARN_UNREACHABLE_CODE = YES;
				CLANG_WARN__DUPLICATE_METHOD_MATCH = YES;
				COPY_PHASE_STRIP = NO;
				DEBUG_INFORMATION_FORMAT = "dwarf-with-dsym";
				ENABLE_NS_ASSERTIONS = NO;
				ENABLE_STRICT_OBJC_MSGSEND = YES;
				ENABLE_USER_SCRIPT_SANDBOXING = YES;
				GCC_C_LANGUAGE_STANDARD = gnu17;
				GCC_NO_COMMON_BLOCKS = YES;
				GCC_WARN_64_TO_32_BIT_CONVERSION = YES;
				GCC_WARN_ABOUT_RETURN_TYPE = YES_ERROR;
				GCC_WARN_UNDECLARED_SELECTOR = YES;
				GCC_WARN_UNINITIALIZED_AUTOS = YES_AGGRESSIVE;
				GCC_WARN_UNUSED_FUNCTION = YES;
				GCC_WARN_UNUSED_VARIABLE = YES;
				LOCALIZATION_PREFERS_STRING_CATALOGS = YES;
				MTL_ENABLE_DEBUG_INFO = NO;
				MTL_FAST_MATH = YES;
				SWIFT_COMPILATION_MODE = wholemodule;
			};
			name = Release;
		};
		8F3CA0252BA52DB500405817 /* Debug */ = {
			isa = XCBuildConfiguration;
			buildSettings = {
				ASSETCATALOG_COMPILER_APPICON_NAME = AppIcon;
				ASSETCATALOG_COMPILER_GLOBAL_ACCENT_COLOR_NAME = AccentColor;
				CODE_SIGN_ENTITLEMENTS = AIDoctor/AIDoctor.entitlements;
				CODE_SIGN_IDENTITY = "Apple Development";
				CODE_SIGN_STYLE = Automatic;
				CURRENT_PROJECT_VERSION = 1;
				DEVELOPMENT_ASSET_PATHS = "\"AIDoctor/Preview Content\"";
				DEVELOPMENT_TEAM = F967ZHM2Y9;
				ENABLE_HARDENED_RUNTIME = YES;
				ENABLE_PREVIEWS = YES;
				GENERATE_INFOPLIST_FILE = YES;
				"INFOPLIST_KEY_UIApplicationSceneManifest_Generation[sdk=iphoneos*]" = YES;
				"INFOPLIST_KEY_UIApplicationSceneManifest_Generation[sdk=iphonesimulator*]" = YES;
				"INFOPLIST_KEY_UIApplicationSupportsIndirectInputEvents[sdk=iphoneos*]" = YES;
				"INFOPLIST_KEY_UIApplicationSupportsIndirectInputEvents[sdk=iphonesimulator*]" = YES;
				"INFOPLIST_KEY_UILaunchScreen_Generation[sdk=iphoneos*]" = YES;
				"INFOPLIST_KEY_UILaunchScreen_Generation[sdk=iphonesimulator*]" = YES;
				"INFOPLIST_KEY_UIStatusBarStyle[sdk=iphoneos*]" = UIStatusBarStyleDefault;
				"INFOPLIST_KEY_UIStatusBarStyle[sdk=iphonesimulator*]" = UIStatusBarStyleDefault;
				INFOPLIST_KEY_UISupportedInterfaceOrientations_iPad = "UIInterfaceOrientationPortrait UIInterfaceOrientationPortraitUpsideDown UIInterfaceOrientationLandscapeLeft UIInterfaceOrientationLandscapeRight";
				INFOPLIST_KEY_UISupportedInterfaceOrientations_iPhone = "UIInterfaceOrientationPortrait UIInterfaceOrientationLandscapeLeft UIInterfaceOrientationLandscapeRight";
				IPHONEOS_DEPLOYMENT_TARGET = 16.0;
				LD_RUNPATH_SEARCH_PATHS = "@executable_path/Frameworks";
				"LD_RUNPATH_SEARCH_PATHS[sdk=macosx*]" = "@executable_path/../Frameworks";
				MACOSX_DEPLOYMENT_TARGET = 14.0;
				MARKETING_VERSION = 1.0;
				PRODUCT_BUNDLE_IDENTIFIER = me.markparker.aidoctor.AIDoctor;
				PRODUCT_NAME = "$(TARGET_NAME)";
				PROVISIONING_PROFILE_SPECIFIER = "";
				SDKROOT = auto;
				SUPPORTED_PLATFORMS = "iphoneos iphonesimulator macosx";
				SWIFT_EMIT_LOC_STRINGS = YES;
				SWIFT_VERSION = 5.0;
				TARGETED_DEVICE_FAMILY = "1,2";
			};
			name = Debug;
		};
		8F3CA0262BA52DB500405817 /* Release */ = {
			isa = XCBuildConfiguration;
			buildSettings = {
				ASSETCATALOG_COMPILER_APPICON_NAME = AppIcon;
				ASSETCATALOG_COMPILER_GLOBAL_ACCENT_COLOR_NAME = AccentColor;
				CODE_SIGN_ENTITLEMENTS = AIDoctor/AIDoctor.entitlements;
				CODE_SIGN_IDENTITY = "Apple Development";
				CODE_SIGN_STYLE = Automatic;
				CURRENT_PROJECT_VERSION = 1;
				DEVELOPMENT_ASSET_PATHS = "\"AIDoctor/Preview Content\"";
				DEVELOPMENT_TEAM = F967ZHM2Y9;
				ENABLE_HARDENED_RUNTIME = YES;
				ENABLE_PREVIEWS = YES;
				GENERATE_INFOPLIST_FILE = YES;
				"INFOPLIST_KEY_UIApplicationSceneManifest_Generation[sdk=iphoneos*]" = YES;
				"INFOPLIST_KEY_UIApplicationSceneManifest_Generation[sdk=iphonesimulator*]" = YES;
				"INFOPLIST_KEY_UIApplicationSupportsIndirectInputEvents[sdk=iphoneos*]" = YES;
				"INFOPLIST_KEY_UIApplicationSupportsIndirectInputEvents[sdk=iphonesimulator*]" = YES;
				"INFOPLIST_KEY_UILaunchScreen_Generation[sdk=iphoneos*]" = YES;
				"INFOPLIST_KEY_UILaunchScreen_Generation[sdk=iphonesimulator*]" = YES;
				"INFOPLIST_KEY_UIStatusBarStyle[sdk=iphoneos*]" = UIStatusBarStyleDefault;
				"INFOPLIST_KEY_UIStatusBarStyle[sdk=iphonesimulator*]" = UIStatusBarStyleDefault;
				INFOPLIST_KEY_UISupportedInterfaceOrientations_iPad = "UIInterfaceOrientationPortrait UIInterfaceOrientationPortraitUpsideDown UIInterfaceOrientationLandscapeLeft UIInterfaceOrientationLandscapeRight";
				INFOPLIST_KEY_UISupportedInterfaceOrientations_iPhone = "UIInterfaceOrientationPortrait UIInterfaceOrientationLandscapeLeft UIInterfaceOrientationLandscapeRight";
				IPHONEOS_DEPLOYMENT_TARGET = 16.0;
				LD_RUNPATH_SEARCH_PATHS = "@executable_path/Frameworks";
				"LD_RUNPATH_SEARCH_PATHS[sdk=macosx*]" = "@executable_path/../Frameworks";
				MACOSX_DEPLOYMENT_TARGET = 14.0;
				MARKETING_VERSION = 1.0;
				PRODUCT_BUNDLE_IDENTIFIER = me.markparker.aidoctor.AIDoctor;
				PRODUCT_NAME = "$(TARGET_NAME)";
				PROVISIONING_PROFILE_SPECIFIER = "";
				SDKROOT = auto;
				SUPPORTED_PLATFORMS = "iphoneos iphonesimulator macosx";
				SWIFT_EMIT_LOC_STRINGS = YES;
				SWIFT_VERSION = 5.0;
				TARGETED_DEVICE_FAMILY = "1,2";
			};
			name = Release;
		};
/* End XCBuildConfiguration section */

/* Begin XCConfigurationList section */
		8F3CA0102BA52DB300405817 /* Build configuration list for PBXProject "AIDoctor" */ = {
			isa = XCConfigurationList;
			buildConfigurations = (
				8F3CA0222BA52DB500405817 /* Debug */,
				8F3CA0232BA52DB500405817 /* Release */,
			);
			defaultConfigurationIsVisible = 0;
			defaultConfigurationName = Release;
		};
		8F3CA0242BA52DB500405817 /* Build configuration list for PBXNativeTarget "AIDoctor" */ = {
			isa = XCConfigurationList;
			buildConfigurations = (
				8F3CA0252BA52DB500405817 /* Debug */,
				8F3CA0262BA52DB500405817 /* Release */,
			);
			defaultConfigurationIsVisible = 0;
			defaultConfigurationName = Release;
		};
/* End XCConfigurationList section */

/* Begin XCRemoteSwiftPackageReference section */
		8F3CA04C2BA58FF800405817 /* XCRemoteSwiftPackageReference "OpenAI" */ = {
			isa = XCRemoteSwiftPackageReference;
			repositoryURL = "https://github.com/MacPaw/OpenAI";
			requirement = {
				kind = upToNextMajorVersion;
				minimumVersion = 0.2.6;
			};
		};
		8F3CA0532BA5F63300405817 /* XCRemoteSwiftPackageReference "Alamofire" */ = {
			isa = XCRemoteSwiftPackageReference;
			repositoryURL = "https://github.com/Alamofire/Alamofire";
			requirement = {
				kind = upToNextMajorVersion;
				minimumVersion = 5.9.0;
			};
		};
/* End XCRemoteSwiftPackageReference section */

/* Begin XCSwiftPackageProductDependency section */
		8F3CA04D2BA58FF800405817 /* OpenAI */ = {
			isa = XCSwiftPackageProductDependency;
			package = 8F3CA04C2BA58FF800405817 /* XCRemoteSwiftPackageReference "OpenAI" */;
			productName = OpenAI;
		};
/* End XCSwiftPackageProductDependency section */
	};
	rootObject = 8F3CA00D2BA52DB300405817 /* Project object */;
}
