{
  "originHash" : "95e958b6af72876861385c8fe989376038903d5ac995312fce73636460ff2b1a",
  "pins" : [
    {
      "identity" : "alamofire",
      "kind" : "remoteSourceControl",
      "location" : "https://github.com/Alamofire/Alamofire",
      "state" : {
        "revision" : "723fa5a6c65812aec4a0d7cc432ee198883b6e00",
        "version" : "5.9.0"
      }
    },
    {
      "identity" : "openai",
      "kind" : "remoteSourceControl",
      "location" : "https://github.com/MacPaw/OpenAI",
      "state" : {
        "revision" : "35afc9a6ee127b8f22a85a31aec2036a987478af",
        "version" : "0.2.6"
      }
    }
  ],
  "version" : 3
}
